// !$*UTF8*$!
{
	archiveVersion = 1;
	classes = {
	};
	objectVersion = 46;
	objects = {

/* Begin PBXBuildFile section */
		327C16D082C38DD5C378A309 /* Pods_TravCo.framework in Frameworks */ = {isa = PBXBuildFile; fileRef = D414FC5BBCA5FA3FCB0CCF32 /* Pods_TravCo.framework */; };
		FB7D9C131E250F18007405C2 /* SignInViewController.swift in Sources */ = {isa = PBXBuildFile; fileRef = FB7D9C121E250F18007405C2 /* SignInViewController.swift */; };
		FB7D9C181E25215D007405C2 /* GoogleService-Info.plist in Resources */ = {isa = PBXBuildFile; fileRef = FB7D9C171E25215D007405C2 /* GoogleService-Info.plist */; };
		FB7D9C1A1E2522DE007405C2 /* DidLoginTableViewController.swift in Sources */ = {isa = PBXBuildFile; fileRef = FB7D9C191E2522DE007405C2 /* DidLoginTableViewController.swift */; };
		FB7D9C1D1E252398007405C2 /* User.swift in Sources */ = {isa = PBXBuildFile; fileRef = FB7D9C1C1E252398007405C2 /* User.swift */; };
		FB7D9C1F1E2523B7007405C2 /* Hike.swift in Sources */ = {isa = PBXBuildFile; fileRef = FB7D9C1E1E2523B7007405C2 /* Hike.swift */; };
		FB7DD3F31E250DE6003C798C /* AppDelegate.swift in Sources */ = {isa = PBXBuildFile; fileRef = FB7DD3F21E250DE6003C798C /* AppDelegate.swift */; };
		FB7DD3F81E250DE6003C798C /* Main.storyboard in Resources */ = {isa = PBXBuildFile; fileRef = FB7DD3F61E250DE6003C798C /* Main.storyboard */; };
		FB7DD3FA1E250DE6003C798C /* Assets.xcassets in Resources */ = {isa = PBXBuildFile; fileRef = FB7DD3F91E250DE6003C798C /* Assets.xcassets */; };
		FB7DD3FD1E250DE6003C798C /* LaunchScreen.storyboard in Resources */ = {isa = PBXBuildFile; fileRef = FB7DD3FB1E250DE6003C798C /* LaunchScreen.storyboard */; };
/* End PBXBuildFile section */

/* Begin PBXFileReference section */
		D414FC5BBCA5FA3FCB0CCF32 /* Pods_TravCo.framework */ = {isa = PBXFileReference; explicitFileType = wrapper.framework; includeInIndex = 0; path = Pods_TravCo.framework; sourceTree = BUILT_PRODUCTS_DIR; };
		D52B01D264BF2CFFA07B4814 /* Pods-TravCo.debug.xcconfig */ = {isa = PBXFileReference; includeInIndex = 1; lastKnownFileType = text.xcconfig; name = "Pods-TravCo.debug.xcconfig"; path = "Pods/Target Support Files/Pods-TravCo/Pods-TravCo.debug.xcconfig"; sourceTree = "<group>"; };
		FB7D9C121E250F18007405C2 /* SignInViewController.swift */ = {isa = PBXFileReference; fileEncoding = 4; lastKnownFileType = sourcecode.swift; path = SignInViewController.swift; sourceTree = "<group>"; };
		FB7D9C161E251BF2007405C2 /* TravCo.entitlements */ = {isa = PBXFileReference; lastKnownFileType = text.plist.entitlements; path = TravCo.entitlements; sourceTree = "<group>"; };
		FB7D9C171E25215D007405C2 /* GoogleService-Info.plist */ = {isa = PBXFileReference; fileEncoding = 4; lastKnownFileType = text.plist.xml; path = "GoogleService-Info.plist"; sourceTree = "<group>"; };
		FB7D9C191E2522DE007405C2 /* DidLoginTableViewController.swift */ = {isa = PBXFileReference; fileEncoding = 4; lastKnownFileType = sourcecode.swift; path = DidLoginTableViewController.swift; sourceTree = "<group>"; };
		FB7D9C1C1E252398007405C2 /* User.swift */ = {isa = PBXFileReference; fileEncoding = 4; lastKnownFileType = sourcecode.swift; path = User.swift; sourceTree = "<group>"; };
		FB7D9C1E1E2523B7007405C2 /* Hike.swift */ = {isa = PBXFileReference; fileEncoding = 4; lastKnownFileType = sourcecode.swift; path = Hike.swift; sourceTree = "<group>"; };
		FB7DD3EF1E250DE6003C798C /* TravCo.app */ = {isa = PBXFileReference; explicitFileType = wrapper.application; includeInIndex = 0; path = TravCo.app; sourceTree = BUILT_PRODUCTS_DIR; };
		FB7DD3F21E250DE6003C798C /* AppDelegate.swift */ = {isa = PBXFileReference; lastKnownFileType = sourcecode.swift; path = AppDelegate.swift; sourceTree = "<group>"; };
		FB7DD3F71E250DE6003C798C /* Base */ = {isa = PBXFileReference; lastKnownFileType = file.storyboard; name = Base; path = Base.lproj/Main.storyboard; sourceTree = "<group>"; };
		FB7DD3F91E250DE6003C798C /* Assets.xcassets */ = {isa = PBXFileReference; lastKnownFileType = folder.assetcatalog; path = Assets.xcassets; sourceTree = "<group>"; };
		FB7DD3FC1E250DE6003C798C /* Base */ = {isa = PBXFileReference; lastKnownFileType = file.storyboard; name = Base; path = Base.lproj/LaunchScreen.storyboard; sourceTree = "<group>"; };
		FB7DD3FE1E250DE6003C798C /* Info.plist */ = {isa = PBXFileReference; lastKnownFileType = text.plist.xml; path = Info.plist; sourceTree = "<group>"; };
		FF86895D7510F4CE06ACC2D1 /* Pods-TravCo.release.xcconfig */ = {isa = PBXFileReference; includeInIndex = 1; lastKnownFileType = text.xcconfig; name = "Pods-TravCo.release.xcconfig"; path = "Pods/Target Support Files/Pods-TravCo/Pods-TravCo.release.xcconfig"; sourceTree = "<group>"; };
/* End PBXFileReference section */

/* Begin PBXFrameworksBuildPhase section */
		FB7DD3EC1E250DE5003C798C /* Frameworks */ = {
			isa = PBXFrameworksBuildPhase;
			buildActionMask = 2147483647;
			files = (
				327C16D082C38DD5C378A309 /* Pods_TravCo.framework in Frameworks */,
			);
			runOnlyForDeploymentPostprocessing = 0;
		};
/* End PBXFrameworksBuildPhase section */

/* Begin PBXGroup section */
		130A149987180106F8D921F1 /* Pods */ = {
			isa = PBXGroup;
			children = (
				D52B01D264BF2CFFA07B4814 /* Pods-TravCo.debug.xcconfig */,
				FF86895D7510F4CE06ACC2D1 /* Pods-TravCo.release.xcconfig */,
			);
			name = Pods;
			sourceTree = "<group>";
		};
		16198178303632B7DE9BE343 /* Frameworks */ = {
			isa = PBXGroup;
			children = (
				D414FC5BBCA5FA3FCB0CCF32 /* Pods_TravCo.framework */,
			);
			name = Frameworks;
			sourceTree = "<group>";
		};
		FB7D9C1B1E252378007405C2 /* Model */ = {
			isa = PBXGroup;
			children = (
				FB7D9C1C1E252398007405C2 /* User.swift */,
				FB7D9C1E1E2523B7007405C2 /* Hike.swift */,
			);
			name = Model;
			sourceTree = "<group>";
		};
		FB7DD3E61E250DE5003C798C = {
			isa = PBXGroup;
			children = (
				FB7DD3F11E250DE6003C798C /* TravCo */,
				FB7DD3F01E250DE6003C798C /* Products */,
				130A149987180106F8D921F1 /* Pods */,
				16198178303632B7DE9BE343 /* Frameworks */,
			);
			sourceTree = "<group>";
		};
		FB7DD3F01E250DE6003C798C /* Products */ = {
			isa = PBXGroup;
			children = (
				FB7DD3EF1E250DE6003C798C /* TravCo.app */,
			);
			name = Products;
			sourceTree = "<group>";
		};
		FB7DD3F11E250DE6003C798C /* TravCo */ = {
			isa = PBXGroup;
			children = (
				FB7D9C161E251BF2007405C2 /* TravCo.entitlements */,
				FB7DD3F21E250DE6003C798C /* AppDelegate.swift */,
				FB7DD3F61E250DE6003C798C /* Main.storyboard */,
				FB7D9C191E2522DE007405C2 /* DidLoginTableViewController.swift */,
				FB7D9C121E250F18007405C2 /* SignInViewController.swift */,
				FB7D9C1B1E252378007405C2 /* Model */,
				FB7DD4041E250E17003C798C /* Supporting files */,
			);
			path = TravCo;
			sourceTree = "<group>";
		};
		FB7DD4041E250E17003C798C /* Supporting files */ = {
			isa = PBXGroup;
			children = (
				FB7DD3F91E250DE6003C798C /* Assets.xcassets */,
				FB7DD3FB1E250DE6003C798C /* LaunchScreen.storyboard */,
				FB7DD3FE1E250DE6003C798C /* Info.plist */,
				FB7D9C171E25215D007405C2 /* GoogleService-Info.plist */,
			);
			name = "Supporting files";
			sourceTree = "<group>";
		};
/* End PBXGroup section */

/* Begin PBXNativeTarget section */
		FB7DD3EE1E250DE5003C798C /* TravCo */ = {
			isa = PBXNativeTarget;
			buildConfigurationList = FB7DD4011E250DE6003C798C /* Build configuration list for PBXNativeTarget "TravCo" */;
			buildPhases = (
				49FBDAEE1366389113D7C657 /* [CP] Check Pods Manifest.lock */,
				FB7DD3EB1E250DE5003C798C /* Sources */,
				FB7DD3EC1E250DE5003C798C /* Frameworks */,
				FB7DD3ED1E250DE5003C798C /* Resources */,
				D229848EB0CB303E680BDE5D /* [CP] Embed Pods Frameworks */,
				5D25E3432FBDBBDED78A2508 /* [CP] Copy Pods Resources */,
			);
			buildRules = (
			);
			dependencies = (
			);
			name = TravCo;
			productName = TravCo;
			productReference = FB7DD3EF1E250DE6003C798C /* TravCo.app */;
			productType = "com.apple.product-type.application";
		};
/* End PBXNativeTarget section */

/* Begin PBXProject section */
		FB7DD3E71E250DE5003C798C /* Project object */ = {
			isa = PBXProject;
			attributes = {
				LastSwiftUpdateCheck = 0820;
				LastUpgradeCheck = 0820;
				ORGANIZATIONNAME = "Imad Ajallal";
				TargetAttributes = {
					FB7DD3EE1E250DE5003C798C = {
						CreatedOnToolsVersion = 8.2.1;
						DevelopmentTeam = 68S8NTUH4E;
						ProvisioningStyle = Automatic;
						SystemCapabilities = {
							com.apple.Keychain = {
								enabled = 1;
							};
						};
					};
				};
			};
			buildConfigurationList = FB7DD3EA1E250DE5003C798C /* Build configuration list for PBXProject "TravCo" */;
			compatibilityVersion = "Xcode 3.2";
			developmentRegion = English;
			hasScannedForEncodings = 0;
			knownRegions = (
				en,
				Base,
			);
			mainGroup = FB7DD3E61E250DE5003C798C;
			productRefGroup = FB7DD3F01E250DE6003C798C /* Products */;
			projectDirPath = "";
			projectRoot = "";
			targets = (
				FB7DD3EE1E250DE5003C798C /* TravCo */,
			);
		};
/* End PBXProject section */

/* Begin PBXResourcesBuildPhase section */
		FB7DD3ED1E250DE5003C798C /* Resources */ = {
			isa = PBXResourcesBuildPhase;
			buildActionMask = 2147483647;
			files = (
				FB7DD3FD1E250DE6003C798C /* LaunchScreen.storyboard in Resources */,
				FB7D9C181E25215D007405C2 /* GoogleService-Info.plist in Resources */,
				FB7DD3FA1E250DE6003C798C /* Assets.xcassets in Resources */,
				FB7DD3F81E250DE6003C798C /* Main.storyboard in Resources */,
			);
			runOnlyForDeploymentPostprocessing = 0;
		};
/* End PBXResourcesBuildPhase section */

/* Begin PBXShellScriptBuildPhase section */
		49FBDAEE1366389113D7C657 /* [CP] Check Pods Manifest.lock */ = {
			isa = PBXShellScriptBuildPhase;
			buildActionMask = 2147483647;
			files = (
			);
			inputPaths = (
			);
			name = "[CP] Check Pods Manifest.lock";
			outputPaths = (
			);
			runOnlyForDeploymentPostprocessing = 0;
			shellPath = /bin/sh;
			shellScript = "diff \"${PODS_ROOT}/../Podfile.lock\" \"${PODS_ROOT}/Manifest.lock\" > /dev/null\nif [ $? != 0 ] ; then\n    # print error to STDERR\n    echo \"error: The sandbox is not in sync with the Podfile.lock. Run 'pod install' or update your CocoaPods installation.\" >&2\n    exit 1\nfi\n";
			showEnvVarsInLog = 0;
		};
		5D25E3432FBDBBDED78A2508 /* [CP] Copy Pods Resources */ = {
			isa = PBXShellScriptBuildPhase;
			buildActionMask = 2147483647;
			files = (
			);
			inputPaths = (
			);
			name = "[CP] Copy Pods Resources";
			outputPaths = (
			);
			runOnlyForDeploymentPostprocessing = 0;
			shellPath = /bin/sh;
			shellScript = "\"${SRCROOT}/Pods/Target Support Files/Pods-TravCo/Pods-TravCo-resources.sh\"\n";
			showEnvVarsInLog = 0;
		};
		D229848EB0CB303E680BDE5D /* [CP] Embed Pods Frameworks */ = {
			isa = PBXShellScriptBuildPhase;
			buildActionMask = 2147483647;
			files = (
			);
			inputPaths = (
			);
			name = "[CP] Embed Pods Frameworks";
			outputPaths = (
			);
			runOnlyForDeploymentPostprocessing = 0;
			shellPath = /bin/sh;
			shellScript = "\"${SRCROOT}/Pods/Target Support Files/Pods-TravCo/Pods-TravCo-frameworks.sh\"\n";
			showEnvVarsInLog = 0;
		};
/* End PBXShellScriptBuildPhase section */

/* Begin PBXSourcesBuildPhase section */
		FB7DD3EB1E250DE5003C798C /* Sources */ = {
			isa = PBXSourcesBuildPhase;
			buildActionMask = 2147483647;
			files = (
				FB7D9C1F1E2523B7007405C2 /* Hike.swift in Sources */,
				FB7D9C131E250F18007405C2 /* SignInViewController.swift in Sources */,
				FB7D9C1D1E252398007405C2 /* User.swift in Sources */,
				FB7DD3F31E250DE6003C798C /* AppDelegate.swift in Sources */,
				FB7D9C1A1E2522DE007405C2 /* DidLoginTableViewController.swift in Sources */,
			);
			runOnlyForDeploymentPostprocessing = 0;
		};
/* End PBXSourcesBuildPhase section */

/* Begin PBXVariantGroup section */
		FB7DD3F61E250DE6003C798C /* Main.storyboard */ = {
			isa = PBXVariantGroup;
			children = (
				FB7DD3F71E250DE6003C798C /* Base */,
			);
			name = Main.storyboard;
			sourceTree = "<group>";
		};
		FB7DD3FB1E250DE6003C798C /* LaunchScreen.storyboard */ = {
			isa = PBXVariantGroup;
			children = (
				FB7DD3FC1E250DE6003C798C /* Base */,
			);
			name = LaunchScreen.storyboard;
			sourceTree = "<group>";
		};
/* End PBXVariantGroup section */

/* Begin XCBuildConfiguration section */
		FB7DD3FF1E250DE6003C798C /* Debug */ = {
			isa = XCBuildConfiguration;
			buildSettings = {
				ALWAYS_SEARCH_USER_PATHS = NO;
				CLANG_ANALYZER_NONNULL = YES;
				CLANG_CXX_LANGUAGE_STANDARD = "gnu++0x";
				CLANG_CXX_LIBRARY = "libc++";
				CLANG_ENABLE_MODULES = YES;
				CLANG_ENABLE_OBJC_ARC = YES;
				CLANG_WARN_BOOL_CONVERSION = YES;
				CLANG_WARN_CONSTANT_CONVERSION = YES;
				CLANG_WARN_DIRECT_OBJC_ISA_USAGE = YES_ERROR;
				CLANG_WARN_DOCUMENTATION_COMMENTS = YES;
				CLANG_WARN_EMPTY_BODY = YES;
				CLANG_WARN_ENUM_CONVERSION = YES;
				CLANG_WARN_INFINITE_RECURSION = YES;
				CLANG_WARN_INT_CONVERSION = YES;
				CLANG_WARN_OBJC_ROOT_CLASS = YES_ERROR;
				CLANG_WARN_SUSPICIOUS_MOVE = YES;
				CLANG_WARN_UNREACHABLE_CODE = YES;
				CLANG_WARN__DUPLICATE_METHOD_MATCH = YES;
				"CODE_SIGN_IDENTITY[sdk=iphoneos*]" = "iPhone Developer";
				COPY_PHASE_STRIP = NO;
				DEBUG_INFORMATION_FORMAT = dwarf;
				ENABLE_STRICT_OBJC_MSGSEND = YES;
				ENABLE_TESTABILITY = YES;
				GCC_C_LANGUAGE_STANDARD = gnu99;
				GCC_DYNAMIC_NO_PIC = NO;
				GCC_NO_COMMON_BLOCKS = YES;
				GCC_OPTIMIZATION_LEVEL = 0;
				GCC_PREPROCESSOR_DEFINITIONS = (
					"DEBUG=1",
					"$(inherited)",
				);
				GCC_WARN_64_TO_32_BIT_CONVERSION = YES;
				GCC_WARN_ABOUT_RETURN_TYPE = YES_ERROR;
				GCC_WARN_UNDECLARED_SELECTOR = YES;
				GCC_WARN_UNINITIALIZED_AUTOS = YES_AGGRESSIVE;
				GCC_WARN_UNUSED_FUNCTION = YES;
				GCC_WARN_UNUSED_VARIABLE = YES;
				IPHONEOS_DEPLOYMENT_TARGET = 10.2;
				MTL_ENABLE_DEBUG_INFO = YES;
				ONLY_ACTIVE_ARCH = YES;
				SDKROOT = iphoneos;
				SWIFT_ACTIVE_COMPILATION_CONDITIONS = DEBUG;
				SWIFT_OPTIMIZATION_LEVEL = "-Onone";
			};
			name = Debug;
		};
		FB7DD4001E250DE6003C798C /* Release */ = {
			isa = XCBuildConfiguration;
			buildSettings = {
				ALWAYS_SEARCH_USER_PATHS = NO;
				CLANG_ANALYZER_NONNULL = YES;
				CLANG_CXX_LANGUAGE_STANDARD = "gnu++0x";
				CLANG_CXX_LIBRARY = "libc++";
				CLANG_ENABLE_MODULES = YES;
				CLANG_ENABLE_OBJC_ARC = YES;
				CLANG_WARN_BOOL_CONVERSION = YES;
				CLANG_WARN_CONSTANT_CONVERSION = YES;
				CLANG_WARN_DIRECT_OBJC_ISA_USAGE = YES_ERROR;
				CLANG_WARN_DOCUMENTATION_COMMENTS = YES;
				CLANG_WARN_EMPTY_BODY = YES;
				CLANG_WARN_ENUM_CONVERSION = YES;
				CLANG_WARN_INFINITE_RECURSION = YES;
				CLANG_WARN_INT_CONVERSION = YES;
				CLANG_WARN_OBJC_ROOT_CLASS = YES_ERROR;
				CLANG_WARN_SUSPICIOUS_MOVE = YES;
				CLANG_WARN_UNREACHABLE_CODE = YES;
				CLANG_WARN__DUPLICATE_METHOD_MATCH = YES;
				"CODE_SIGN_IDENTITY[sdk=iphoneos*]" = "iPhone Developer";
				COPY_PHASE_STRIP = NO;
				DEBUG_INFORMATION_FORMAT = "dwarf-with-dsym";
				ENABLE_NS_ASSERTIONS = NO;
				ENABLE_STRICT_OBJC_MSGSEND = YES;
				GCC_C_LANGUAGE_STANDARD = gnu99;
				GCC_NO_COMMON_BLOCKS = YES;
				GCC_WARN_64_TO_32_BIT_CONVERSION = YES;
				GCC_WARN_ABOUT_RETURN_TYPE = YES_ERROR;
				GCC_WARN_UNDECLARED_SELECTOR = YES;
				GCC_WARN_UNINITIALIZED_AUTOS = YES_AGGRESSIVE;
				GCC_WARN_UNUSED_FUNCTION = YES;
				GCC_WARN_UNUSED_VARIABLE = YES;
				IPHONEOS_DEPLOYMENT_TARGET = 10.2;
				MTL_ENABLE_DEBUG_INFO = NO;
				SDKROOT = iphoneos;
				SWIFT_OPTIMIZATION_LEVEL = "-Owholemodule";
				VALIDATE_PRODUCT = YES;
			};
			name = Release;
		};
		FB7DD4021E250DE6003C798C /* Debug */ = {
			isa = XCBuildConfiguration;
			baseConfigurationReference = D52B01D264BF2CFFA07B4814 /* Pods-TravCo.debug.xcconfig */;
			buildSettings = {
				ASSETCATALOG_COMPILER_APPICON_NAME = AppIcon;
				CODE_SIGN_ENTITLEMENTS = TravCo/TravCo.entitlements;
				DEVELOPMENT_TEAM = 68S8NTUH4E;
				INFOPLIST_FILE = TravCo/Info.plist;
				LD_RUNPATH_SEARCH_PATHS = "$(inherited) @executable_path/Frameworks";
				PRODUCT_BUNDLE_IDENTIFIER = com.imadAjallal.TravCo;
				PRODUCT_NAME = "$(TARGET_NAME)";
				SWIFT_VERSION = 3.0;
			};
			name = Debug;
		};
		FB7DD4031E250DE6003C798C /* Release */ = {
			isa = XCBuildConfiguration;
			baseConfigurationReference = FF86895D7510F4CE06ACC2D1 /* Pods-TravCo.release.xcconfig */;
			buildSettings = {
				ASSETCATALOG_COMPILER_APPICON_NAME = AppIcon;
				CODE_SIGN_ENTITLEMENTS = TravCo/TravCo.entitlements;
				DEVELOPMENT_TEAM = 68S8NTUH4E;
				INFOPLIST_FILE = TravCo/Info.plist;
				LD_RUNPATH_SEARCH_PATHS = "$(inherited) @executable_path/Frameworks";
				PRODUCT_BUNDLE_IDENTIFIER = com.imadAjallal.TravCo;
				PRODUCT_NAME = "$(TARGET_NAME)";
				SWIFT_VERSION = 3.0;
			};
			name = Release;
		};
/* End XCBuildConfiguration section */

/* Begin XCConfigurationList section */
		FB7DD3EA1E250DE5003C798C /* Build configuration list for PBXProject "TravCo" */ = {
			isa = XCConfigurationList;
			buildConfigurations = (
				FB7DD3FF1E250DE6003C798C /* Debug */,
				FB7DD4001E250DE6003C798C /* Release */,
			);
			defaultConfigurationIsVisible = 0;
			defaultConfigurationName = Release;
		};
		FB7DD4011E250DE6003C798C /* Build configuration list for PBXNativeTarget "TravCo" */ = {
			isa = XCConfigurationList;
			buildConfigurations = (
				FB7DD4021E250DE6003C798C /* Debug */,
				FB7DD4031E250DE6003C798C /* Release */,
			);
			defaultConfigurationIsVisible = 0;
			defaultConfigurationName = Release;
		};
/* End XCConfigurationList section */
	};
	rootObject = FB7DD3E71E250DE5003C798C /* Project object */;
}
